
Microsoft Visual Studio Solution File, Format Version 12.00
# Visual Studio Version 16
VisualStudioVersion = 16.0.31515.178
MinimumVisualStudioVersion = 10.0.40219.1
Project("{9A19103F-16F7-4668-BE54-9A1E7A4F7556}") = "TripItemsForEleks", "TripItemsForEleks.csproj", "{F70D21EF-89FB-4B1D-B401-68C8F229EDF8}"
EndProject
Global
	GlobalSection(SolutionConfigurationPlatforms) = preSolution
		Debug|Any CPU = Debug|Any CPU
		Release|Any CPU = Release|Any CPU
	EndGlobalSection
	GlobalSection(ProjectConfigurationPlatforms) = postSolution
		{F70D21EF-89FB-4B1D-B401-68C8F229EDF8}.Debug|Any CPU.ActiveCfg = Debug|Any CPU
		{F70D21EF-89FB-4B1D-B401-68C8F229EDF8}.Debug|Any CPU.Build.0 = Debug|Any CPU
		{F70D21EF-89FB-4B1D-B401-68C8F229EDF8}.Release|Any CPU.ActiveCfg = Release|Any CPU
		{F70D21EF-89FB-4B1D-B401-68C8F229EDF8}.Release|Any CPU.Build.0 = Release|Any CPU
	EndGlobalSection
	GlobalSection(SolutionProperties) = preSolution
		HideSolutionNode = FALSE
	EndGlobalSection
	GlobalSection(ExtensibilityGlobals) = postSolution
		SolutionGuid = {F55018E8-3810-43B0-AABD-CB62ACF049F3}
	EndGlobalSection
EndGlobal
